
Microsoft Visual Studio Solution File, Format Version 12.00
# Visual Studio Version 17
VisualStudioVersion = 17.14.36310.24
MinimumVisualStudioVersion = 10.0.40219.1
Project("{2150E333-8FDC-42A3-9474-1A3956D46DE8}") = "Task0", "Task0", "{02EA681E-C7D8-13C7-8484-4AC65E1B71E8}"
EndProject
Project("{FAE04EC0-301F-11D3-BF4B-00C04F79EFBC}") = "Tyuiu.KorminaAP.Sprint1.Task0.V1", "Tyuiu.KorminaAP.Sprint1.Task0.V1\Tyuiu.KorminaAP.Sprint1.Task0.V1.csproj", "{864B62CF-ABE9-4803-88D3-7E9EB1EED0FC}"
EndProject
Project("{FAE04EC0-301F-11D3-BF4B-00C04F79EFBC}") = "Tyuiu.KorminaAP.Sprint1.Task0.V1.Lib", "Tyuiu.KorminaAP.Sprint1.Task0.V1.Lib\Tyuiu.KorminaAP.Sprint1.Task0.V1.Lib.csproj", "{A232E818-AFC0-4041-B68F-DFBECB16BC12}"
EndProject
Project("{FAE04EC0-301F-11D3-BF4B-00C04F79EFBC}") = "Tyuiu.KorminaAP.Sprint1.Task0.V1.Test", "Tyuiu.KorminaAP.Sprint1.Task0.V1.Test\Tyuiu.KorminaAP.Sprint1.Task0.V1.Test.csproj", "{4045D82A-2B2F-4CD1-8BCC-92F9CF39307A}"
EndProject
Project("{2150E333-8FDC-42A3-9474-1A3956D46DE8}") = "Task1", "Task1", "{E105D210-11DE-42D8-B0F0-BCBBAC3C8BFF}"
EndProject
Project("{FAE04EC0-301F-11D3-BF4B-00C04F79EFBC}") = "Tyuiu.KorminaAP.Sprint1.Task1.V7", "Tyuiu.KorminaAP.Sprint1.Task1.V7\Tyuiu.KorminaAP.Sprint1.Task1.V7.csproj", "{619BB8EE-83A8-4622-9106-4BC0A7FB9A2D}"
EndProject
Project("{FAE04EC0-301F-11D3-BF4B-00C04F79EFBC}") = "Tyuiu.KorminaAP.Sprint1.Task1.V7.Lib", "Tyuiu.KorminaAP.Sprint1.Task1.V7.Lib\Tyuiu.KorminaAP.Sprint1.Task1.V7.Lib.csproj", "{03DB36CB-2C9A-4850-B95A-96B328A91150}"
EndProject
Project("{FAE04EC0-301F-11D3-BF4B-00C04F79EFBC}") = "Tyuiu.KorminaAP.Sprint1.Task1.V7.Test", "Tyuiu.KorminaAP.Sprint1.Task1.V7.Test\Tyuiu.KorminaAP.Sprint1.Task1.V7.Test.csproj", "{05A25CF6-74C6-4A18-995C-421FF8BB3633}"
EndProject
Project("{2150E333-8FDC-42A3-9474-1A3956D46DE8}") = "Task2", "Task2", "{2F7A80A7-B0CD-49FB-AAB8-333719242517}"
EndProject
Project("{FAE04EC0-301F-11D3-BF4B-00C04F79EFBC}") = "Tyuiu.KorminaAP.Sprint1.Task2.V28", "Tyuiu.KorminaAP.Sprint1.Task2.V28\Tyuiu.KorminaAP.Sprint1.Task2.V28.csproj", "{A8D0F04F-74BE-4384-BCE3-E138AA2CDF1E}"
EndProject
Project("{FAE04EC0-301F-11D3-BF4B-00C04F79EFBC}") = "Tyuiu.KorminaAP.Sprint1.Task2.V28.Lib", "Tyuiu.KorminaAP.Sprint1.Task2.V28.Lib\Tyuiu.KorminaAP.Sprint1.Task2.V28.Lib.csproj", "{A4C01383-6E54-4749-8409-F910268CA0CE}"
EndProject
Project("{FAE04EC0-301F-11D3-BF4B-00C04F79EFBC}") = "Tyuiu.KorminaAP.Sprint1.Task2.V28.Test", "Tyuiu.KorminaAP.Sprint1.Task2.V28.Test\Tyuiu.KorminaAP.Sprint1.Task2.V28.Test.csproj", "{77C68493-DDEE-4516-BC2D-BD91CD728FE8}"
EndProject
Project("{2150E333-8FDC-42A3-9474-1A3956D46DE8}") = "Task3", "Task3", "{D90C8609-6A5B-4F1A-99BD-67D4E12B4805}"
EndProject
Project("{FAE04EC0-301F-11D3-BF4B-00C04F79EFBC}") = "Tyuiu.KorminaAP.Sprint1.Task3.V1", "Tyuiu.KorminaAP.Sprint1.Task3.V1\Tyuiu.KorminaAP.Sprint1.Task3.V1.csproj", "{A49827E8-643B-4EC8-8354-93F58F86A708}"
EndProject
Project("{FAE04EC0-301F-11D3-BF4B-00C04F79EFBC}") = "Tyuiu.KorminaAP.Sprint1.Task3.V1.Lib", "Tyuiu.KorminaAP.Sprint1.Task3.V1.Lib\Tyuiu.KorminaAP.Sprint1.Task3.V1.Lib.csproj", "{35689309-D905-46FA-9954-95B9F3123E02}"
EndProject
Project("{FAE04EC0-301F-11D3-BF4B-00C04F79EFBC}") = "Tyuiu.KorminaAP.Sprint1.Task3.V1.Test", "Tyuiu.KorminaAP.Sprint1.Task3.V1.Test\Tyuiu.KorminaAP.Sprint1.Task3.V1.Test.csproj", "{2C4A7F15-C813-44C0-A735-2E97C2A3836E}"
EndProject
Global
	GlobalSection(SolutionConfigurationPlatforms) = preSolution
		Debug|Any CPU = Debug|Any CPU
		Release|Any CPU = Release|Any CPU
	EndGlobalSection
	GlobalSection(ProjectConfigurationPlatforms) = postSolution
		{864B62CF-ABE9-4803-88D3-7E9EB1EED0FC}.Debug|Any CPU.ActiveCfg = Debug|Any CPU
		{864B62CF-ABE9-4803-88D3-7E9EB1EED0FC}.Debug|Any CPU.Build.0 = Debug|Any CPU
		{864B62CF-ABE9-4803-88D3-7E9EB1EED0FC}.Release|Any CPU.ActiveCfg = Release|Any CPU
		{864B62CF-ABE9-4803-88D3-7E9EB1EED0FC}.Release|Any CPU.Build.0 = Release|Any CPU
		{A232E818-AFC0-4041-B68F-DFBECB16BC12}.Debug|Any CPU.ActiveCfg = Debug|Any CPU
		{A232E818-AFC0-4041-B68F-DFBECB16BC12}.Debug|Any CPU.Build.0 = Debug|Any CPU
		{A232E818-AFC0-4041-B68F-DFBECB16BC12}.Release|Any CPU.ActiveCfg = Release|Any CPU
		{A232E818-AFC0-4041-B68F-DFBECB16BC12}.Release|Any CPU.Build.0 = Release|Any CPU
		{4045D82A-2B2F-4CD1-8BCC-92F9CF39307A}.Debug|Any CPU.ActiveCfg = Debug|Any CPU
		{4045D82A-2B2F-4CD1-8BCC-92F9CF39307A}.Debug|Any CPU.Build.0 = Debug|Any CPU
		{4045D82A-2B2F-4CD1-8BCC-92F9CF39307A}.Release|Any CPU.ActiveCfg = Release|Any CPU
		{4045D82A-2B2F-4CD1-8BCC-92F9CF39307A}.Release|Any CPU.Build.0 = Release|Any CPU
		{619BB8EE-83A8-4622-9106-4BC0A7FB9A2D}.Debug|Any CPU.ActiveCfg = Debug|Any CPU
		{619BB8EE-83A8-4622-9106-4BC0A7FB9A2D}.Debug|Any CPU.Build.0 = Debug|Any CPU
		{619BB8EE-83A8-4622-9106-4BC0A7FB9A2D}.Release|Any CPU.ActiveCfg = Release|Any CPU
		{619BB8EE-83A8-4622-9106-4BC0A7FB9A2D}.Release|Any CPU.Build.0 = Release|Any CPU
		{03DB36CB-2C9A-4850-B95A-96B328A91150}.Debug|Any CPU.ActiveCfg = Debug|Any CPU
		{03DB36CB-2C9A-4850-B95A-96B328A91150}.Debug|Any CPU.Build.0 = Debug|Any CPU
		{03DB36CB-2C9A-4850-B95A-96B328A91150}.Release|Any CPU.ActiveCfg = Release|Any CPU
		{03DB36CB-2C9A-4850-B95A-96B328A91150}.Release|Any CPU.Build.0 = Release|Any CPU
		{05A25CF6-74C6-4A18-995C-421FF8BB3633}.Debug|Any CPU.ActiveCfg = Debug|Any CPU
		{05A25CF6-74C6-4A18-995C-421FF8BB3633}.Debug|Any CPU.Build.0 = Debug|Any CPU
		{05A25CF6-74C6-4A18-995C-421FF8BB3633}.Release|Any CPU.ActiveCfg = Release|Any CPU
		{05A25CF6-74C6-4A18-995C-421FF8BB3633}.Release|Any CPU.Build.0 = Release|Any CPU
		{A8D0F04F-74BE-4384-BCE3-E138AA2CDF1E}.Debug|Any CPU.ActiveCfg = Debug|Any CPU
		{A8D0F04F-74BE-4384-BCE3-E138AA2CDF1E}.Debug|Any CPU.Build.0 = Debug|Any CPU
		{A8D0F04F-74BE-4384-BCE3-E138AA2CDF1E}.Release|Any CPU.ActiveCfg = Release|Any CPU
		{A8D0F04F-74BE-4384-BCE3-E138AA2CDF1E}.Release|Any CPU.Build.0 = Release|Any CPU
		{A4C01383-6E54-4749-8409-F910268CA0CE}.Debug|Any CPU.ActiveCfg = Debug|Any CPU
		{A4C01383-6E54-4749-8409-F910268CA0CE}.Debug|Any CPU.Build.0 = Debug|Any CPU
		{A4C01383-6E54-4749-8409-F910268CA0CE}.Release|Any CPU.ActiveCfg = Release|Any CPU
		{A4C01383-6E54-4749-8409-F910268CA0CE}.Release|Any CPU.Build.0 = Release|Any CPU
		{77C68493-DDEE-4516-BC2D-BD91CD728FE8}.Debug|Any CPU.ActiveCfg = Debug|Any CPU
		{77C68493-DDEE-4516-BC2D-BD91CD728FE8}.Debug|Any CPU.Build.0 = Debug|Any CPU
		{77C68493-DDEE-4516-BC2D-BD91CD728FE8}.Release|Any CPU.ActiveCfg = Release|Any CPU
		{77C68493-DDEE-4516-BC2D-BD91CD728FE8}.Release|Any CPU.Build.0 = Release|Any CPU
		{A49827E8-643B-4EC8-8354-93F58F86A708}.Debug|Any CPU.ActiveCfg = Debug|Any CPU
		{A49827E8-643B-4EC8-8354-93F58F86A708}.Debug|Any CPU.Build.0 = Debug|Any CPU
		{A49827E8-643B-4EC8-8354-93F58F86A708}.Release|Any CPU.ActiveCfg = Release|Any CPU
		{A49827E8-643B-4EC8-8354-93F58F86A708}.Release|Any CPU.Build.0 = Release|Any CPU
		{35689309-D905-46FA-9954-95B9F3123E02}.Debug|Any CPU.ActiveCfg = Debug|Any CPU
		{35689309-D905-46FA-9954-95B9F3123E02}.Debug|Any CPU.Build.0 = Debug|Any CPU
		{35689309-D905-46FA-9954-95B9F3123E02}.Release|Any CPU.ActiveCfg = Release|Any CPU
		{35689309-D905-46FA-9954-95B9F3123E02}.Release|Any CPU.Build.0 = Release|Any CPU
		{2C4A7F15-C813-44C0-A735-2E97C2A3836E}.Debug|Any CPU.ActiveCfg = Debug|Any CPU
		{2C4A7F15-C813-44C0-A735-2E97C2A3836E}.Debug|Any CPU.Build.0 = Debug|Any CPU
		{2C4A7F15-C813-44C0-A735-2E97C2A3836E}.Release|Any CPU.ActiveCfg = Release|Any CPU
		{2C4A7F15-C813-44C0-A735-2E97C2A3836E}.Release|Any CPU.Build.0 = Release|Any CPU
	EndGlobalSection
	GlobalSection(SolutionProperties) = preSolution
		HideSolutionNode = FALSE
	EndGlobalSection
	GlobalSection(NestedProjects) = preSolution
		{864B62CF-ABE9-4803-88D3-7E9EB1EED0FC} = {02EA681E-C7D8-13C7-8484-4AC65E1B71E8}
		{A232E818-AFC0-4041-B68F-DFBECB16BC12} = {02EA681E-C7D8-13C7-8484-4AC65E1B71E8}
		{4045D82A-2B2F-4CD1-8BCC-92F9CF39307A} = {02EA681E-C7D8-13C7-8484-4AC65E1B71E8}
		{619BB8EE-83A8-4622-9106-4BC0A7FB9A2D} = {E105D210-11DE-42D8-B0F0-BCBBAC3C8BFF}
		{03DB36CB-2C9A-4850-B95A-96B328A91150} = {E105D210-11DE-42D8-B0F0-BCBBAC3C8BFF}
		{05A25CF6-74C6-4A18-995C-421FF8BB3633} = {E105D210-11DE-42D8-B0F0-BCBBAC3C8BFF}
		{A8D0F04F-74BE-4384-BCE3-E138AA2CDF1E} = {2F7A80A7-B0CD-49FB-AAB8-333719242517}
		{A4C01383-6E54-4749-8409-F910268CA0CE} = {2F7A80A7-B0CD-49FB-AAB8-333719242517}
		{77C68493-DDEE-4516-BC2D-BD91CD728FE8} = {2F7A80A7-B0CD-49FB-AAB8-333719242517}
		{A49827E8-643B-4EC8-8354-93F58F86A708} = {D90C8609-6A5B-4F1A-99BD-67D4E12B4805}
		{35689309-D905-46FA-9954-95B9F3123E02} = {D90C8609-6A5B-4F1A-99BD-67D4E12B4805}
		{2C4A7F15-C813-44C0-A735-2E97C2A3836E} = {D90C8609-6A5B-4F1A-99BD-67D4E12B4805}
	EndGlobalSection
	GlobalSection(ExtensibilityGlobals) = postSolution
		SolutionGuid = {8E540523-C02D-4AAA-82AF-C66BB09EB3C9}
	EndGlobalSection
EndGlobal
